
Microsoft Visual Studio Solution File, Format Version 12.00
# Visual Studio Version 17
VisualStudioVersion = 17.7.34024.191
MinimumVisualStudioVersion = 10.0.40219.1
Project("{FAE04EC0-301F-11D3-BF4B-00C04F79EFBC}") = "AppTempo.Android", "AppTempo\AppTempo.Android\AppTempo.Android.csproj", "{63BD103A-004D-4B2A-83E5-BE822EEBB74C}"
EndProject
Project("{FAE04EC0-301F-11D3-BF4B-00C04F79EFBC}") = "AppTempo", "AppTempo\AppTempo\AppTempo.csproj", "{4634102B-2075-4FE1-8523-C5BD7D98CFFB}"
EndProject
Global
	GlobalSection(SolutionConfigurationPlatforms) = preSolution
		Debug|Any CPU = Debug|Any CPU
		Release|Any CPU = Release|Any CPU
	EndGlobalSection
	GlobalSection(ProjectConfigurationPlatforms) = postSolution
		{63BD103A-004D-4B2A-83E5-BE822EEBB74C}.Debug|Any CPU.ActiveCfg = Debug|Any CPU
		{63BD103A-004D-4B2A-83E5-BE822EEBB74C}.Debug|Any CPU.Build.0 = Debug|Any CPU
		{63BD103A-004D-4B2A-83E5-BE822EEBB74C}.Debug|Any CPU.Deploy.0 = Debug|Any CPU
		{63BD103A-004D-4B2A-83E5-BE822EEBB74C}.Release|Any CPU.ActiveCfg = Release|Any CPU
		{63BD103A-004D-4B2A-83E5-BE822EEBB74C}.Release|Any CPU.Build.0 = Release|Any CPU
		{63BD103A-004D-4B2A-83E5-BE822EEBB74C}.Release|Any CPU.Deploy.0 = Release|Any CPU
		{4634102B-2075-4FE1-8523-C5BD7D98CFFB}.Debug|Any CPU.ActiveCfg = Debug|Any CPU
		{4634102B-2075-4FE1-8523-C5BD7D98CFFB}.Debug|Any CPU.Build.0 = Debug|Any CPU
		{4634102B-2075-4FE1-8523-C5BD7D98CFFB}.Debug|Any CPU.Deploy.0 = Debug|Any CPU
		{4634102B-2075-4FE1-8523-C5BD7D98CFFB}.Release|Any CPU.ActiveCfg = Release|Any CPU
		{4634102B-2075-4FE1-8523-C5BD7D98CFFB}.Release|Any CPU.Build.0 = Release|Any CPU
		{4634102B-2075-4FE1-8523-C5BD7D98CFFB}.Release|Any CPU.Deploy.0 = Release|Any CPU
	EndGlobalSection
	GlobalSection(SolutionProperties) = preSolution
		HideSolutionNode = FALSE
	EndGlobalSection
	GlobalSection(ExtensibilityGlobals) = postSolution
		SolutionGuid = {96EC5A8C-D288-4FB6-8D0B-AADDA7144557}
	EndGlobalSection
EndGlobal
